
Microsoft Visual Studio Solution File, Format Version 12.00
# Visual Studio Version 17
VisualStudioVersion = 17.5.002.0
MinimumVisualStudioVersion = 10.0.40219.1
Project("{2150E333-8FDC-42A3-9474-1A3956D46DE8}") = "service-invocation", "service-invocation", "{9343E0DE-B84F-4582-BC33-CE24C5FCADEB}"
EndProject
Project("{9A19103F-16F7-4668-BE54-9A1E7A4F7556}") = "caller", "service-invocation\caller\caller.csproj", "{5711AB65-3FE4-465B-88DF-713400113010}"
EndProject
Global
	GlobalSection(SolutionConfigurationPlatforms) = preSolution
		Debug|Any CPU = Debug|Any CPU
		Release|Any CPU = Release|Any CPU
	EndGlobalSection
	GlobalSection(ProjectConfigurationPlatforms) = postSolution
		{5711AB65-3FE4-465B-88DF-713400113010}.Debug|Any CPU.ActiveCfg = Debug|Any CPU
		{5711AB65-3FE4-465B-88DF-713400113010}.Debug|Any CPU.Build.0 = Debug|Any CPU
		{5711AB65-3FE4-465B-88DF-713400113010}.Release|Any CPU.ActiveCfg = Release|Any CPU
		{5711AB65-3FE4-465B-88DF-713400113010}.Release|Any CPU.Build.0 = Release|Any CPU
	EndGlobalSection
	GlobalSection(SolutionProperties) = preSolution
		HideSolutionNode = FALSE
	EndGlobalSection
	GlobalSection(NestedProjects) = preSolution
		{5711AB65-3FE4-465B-88DF-713400113010} = {9343E0DE-B84F-4582-BC33-CE24C5FCADEB}
	EndGlobalSection
	GlobalSection(ExtensibilityGlobals) = postSolution
		SolutionGuid = {BA0363B0-DF81-4070-9D7A-2B77FD434B52}
	EndGlobalSection
EndGlobal
